
Microsoft Visual Studio Solution File, Format Version 12.00
# Visual Studio Version 17
VisualStudioVersion = 17.13.35825.156 d17.13
MinimumVisualStudioVersion = 10.0.40219.1
Project("{FAE04EC0-301F-11D3-BF4B-00C04F79EFBC}") = "Display Studio Web Interface", "Display Studio Web Interface\Display Studio Web Interface.csproj", "{0A3F4FC4-07A4-4CAD-AFED-28749745DEAC}"
EndProject
Global
	GlobalSection(SolutionConfigurationPlatforms) = preSolution
		Debug|Any CPU = Debug|Any CPU
		Release|Any CPU = Release|Any CPU
	EndGlobalSection
	GlobalSection(ProjectConfigurationPlatforms) = postSolution
		{0A3F4FC4-07A4-4CAD-AFED-28749745DEAC}.Debug|Any CPU.ActiveCfg = Debug|Any CPU
		{0A3F4FC4-07A4-4CAD-AFED-28749745DEAC}.Debug|Any CPU.Build.0 = Debug|Any CPU
		{0A3F4FC4-07A4-4CAD-AFED-28749745DEAC}.Release|Any CPU.ActiveCfg = Release|Any CPU
		{0A3F4FC4-07A4-4CAD-AFED-28749745DEAC}.Release|Any CPU.Build.0 = Release|Any CPU
	EndGlobalSection
	GlobalSection(SolutionProperties) = preSolution
		HideSolutionNode = FALSE
	EndGlobalSection
	GlobalSection(ExtensibilityGlobals) = postSolution
		SolutionGuid = {1E689921-05CB-4E9A-9169-9D09ABAAE121}
	EndGlobalSection
EndGlobal
